
Microsoft Visual Studio Solution File, Format Version 12.00
Project("{FAE04EC0-301F-11D3-BF4B-00C04F79EFBC}") = "Academy.Project.Application", "Academy.Project.Application\Academy.Project.Application.csproj", "{1EEB24E9-A619-42F9-A497-3C3DEE84B85F}"
EndProject
Project("{FAE04EC0-301F-11D3-BF4B-00C04F79EFBC}") = "Academy.Project.Domain", "Academy.Project.Domain\Academy.Project.Domain.csproj", "{CDCED7BE-1034-43A4-A372-5D4352C674FB}"
EndProject
Project("{2150E333-8FDC-42A3-9474-1A3956D46DE8}") = "src", "src", "{D16A47B5-A761-495C-AAF4-6B3123F249FE}"
EndProject
Project("{FAE04EC0-301F-11D3-BF4B-00C04F79EFBC}") = "Academy.Project.Extensions", "Academy.Project.Extensions\Academy.Project.Extensions.csproj", "{06079D18-DF74-4548-9082-981F76DA08D2}"
EndProject
Global
	GlobalSection(SolutionConfigurationPlatforms) = preSolution
		Debug|Any CPU = Debug|Any CPU
		Release|Any CPU = Release|Any CPU
	EndGlobalSection
	GlobalSection(ProjectConfigurationPlatforms) = postSolution
		{1EEB24E9-A619-42F9-A497-3C3DEE84B85F}.Debug|Any CPU.ActiveCfg = Debug|Any CPU
		{1EEB24E9-A619-42F9-A497-3C3DEE84B85F}.Debug|Any CPU.Build.0 = Debug|Any CPU
		{1EEB24E9-A619-42F9-A497-3C3DEE84B85F}.Release|Any CPU.ActiveCfg = Release|Any CPU
		{1EEB24E9-A619-42F9-A497-3C3DEE84B85F}.Release|Any CPU.Build.0 = Release|Any CPU
		{CDCED7BE-1034-43A4-A372-5D4352C674FB}.Debug|Any CPU.ActiveCfg = Debug|Any CPU
		{CDCED7BE-1034-43A4-A372-5D4352C674FB}.Debug|Any CPU.Build.0 = Debug|Any CPU
		{CDCED7BE-1034-43A4-A372-5D4352C674FB}.Release|Any CPU.ActiveCfg = Release|Any CPU
		{CDCED7BE-1034-43A4-A372-5D4352C674FB}.Release|Any CPU.Build.0 = Release|Any CPU
		{06079D18-DF74-4548-9082-981F76DA08D2}.Debug|Any CPU.ActiveCfg = Debug|Any CPU
		{06079D18-DF74-4548-9082-981F76DA08D2}.Debug|Any CPU.Build.0 = Debug|Any CPU
		{06079D18-DF74-4548-9082-981F76DA08D2}.Release|Any CPU.ActiveCfg = Release|Any CPU
		{06079D18-DF74-4548-9082-981F76DA08D2}.Release|Any CPU.Build.0 = Release|Any CPU
	EndGlobalSection
	GlobalSection(NestedProjects) = preSolution
		{CDCED7BE-1034-43A4-A372-5D4352C674FB} = {D16A47B5-A761-495C-AAF4-6B3123F249FE}
		{1EEB24E9-A619-42F9-A497-3C3DEE84B85F} = {D16A47B5-A761-495C-AAF4-6B3123F249FE}
		{06079D18-DF74-4548-9082-981F76DA08D2} = {D16A47B5-A761-495C-AAF4-6B3123F249FE}
	EndGlobalSection
EndGlobal
